{
  "object": {
    "pins": [
      {
        "package": "Down",
        "repositoryURL": "https://github.com/johnxnguyen/Down",
        "state": {
          "branch": null,
          "revision": "f34b166be1f1db4aa8f573067e901d72f2a6be57",
          "version": "0.11.0"
        }
      },
      {
        "package": "iosMath",
        "repositoryURL": "https://github.com/tophatmonocle/iosMath",
        "state": {
          "branch": null,
          "revision": "8c65dab2295100c02d9d844f6dc5646ab9d57b42",
          "version": "1.1.2"
        }
      },
      {
        "package": "SnapKit",
        "repositoryURL": "https://github.com/SnapKit/SnapKit",
        "state": {
          "branch": null,
          "revision": "f222cbdf325885926566172f6f5f06af95473158",
          "version": "5.6.0"
        }
      },
      {
        "package": "SwiftRichString",
        "repositoryURL": "https://github.com/tophatmonocle/SwiftRichString",
        "state": {
          "branch": "master",
          "revision": "fa126095c626354e1c4ffdf75bc7ad54aedd6b67",
          "version": null
        }
      }
    ]
  },
  "version": 1
}
